
Microsoft Visual Studio Solution File, Format Version 12.00
# Visual Studio Version 17
VisualStudioVersion = 17.7.34221.43
MinimumVisualStudioVersion = 10.0.40219.1
Project("{9A19103F-16F7-4668-BE54-9A1E7A4F7556}") = "SemihDonmezProje", "SemihDonmezProje\SemihDonmezProje.csproj", "{7B7EA7F6-F150-46A3-8669-A69BFF07CBD0}"
EndProject
Project("{FAE04EC0-301F-11D3-BF4B-00C04F79EFBC}") = "Yemekkasası.Sınıf", "Yemekkasası.Sınıf\Yemekkasası.Sınıf.csproj", "{FA1C15FA-569C-4FBE-9688-F22C48574062}"
EndProject
Global
	GlobalSection(SolutionConfigurationPlatforms) = preSolution
		Debug|Any CPU = Debug|Any CPU
		Release|Any CPU = Release|Any CPU
	EndGlobalSection
	GlobalSection(ProjectConfigurationPlatforms) = postSolution
		{7B7EA7F6-F150-46A3-8669-A69BFF07CBD0}.Debug|Any CPU.ActiveCfg = Debug|Any CPU
		{7B7EA7F6-F150-46A3-8669-A69BFF07CBD0}.Debug|Any CPU.Build.0 = Debug|Any CPU
		{7B7EA7F6-F150-46A3-8669-A69BFF07CBD0}.Release|Any CPU.ActiveCfg = Release|Any CPU
		{7B7EA7F6-F150-46A3-8669-A69BFF07CBD0}.Release|Any CPU.Build.0 = Release|Any CPU
		{FA1C15FA-569C-4FBE-9688-F22C48574062}.Debug|Any CPU.ActiveCfg = Debug|Any CPU
		{FA1C15FA-569C-4FBE-9688-F22C48574062}.Debug|Any CPU.Build.0 = Debug|Any CPU
		{FA1C15FA-569C-4FBE-9688-F22C48574062}.Release|Any CPU.ActiveCfg = Release|Any CPU
		{FA1C15FA-569C-4FBE-9688-F22C48574062}.Release|Any CPU.Build.0 = Release|Any CPU
	EndGlobalSection
	GlobalSection(SolutionProperties) = preSolution
		HideSolutionNode = FALSE
	EndGlobalSection
	GlobalSection(ExtensibilityGlobals) = postSolution
		SolutionGuid = {3F907426-0A49-4F23-A3AF-046E983F0CF1}
	EndGlobalSection
EndGlobal
